
Microsoft Visual Studio Solution File, Format Version 12.00
# Visual Studio 15
VisualStudioVersion = 15.0.28010.2050
MinimumVisualStudioVersion = 10.0.40219.1
Project("{8BC9CEB8-8B4A-11D0-8D11-00A0C91BC942}") = "exchange_rate_path", "exchange_rate_path.vcxproj", "{89D6F2D1-1A4B-4547-8718-BC30AD3377E9}"
EndProject
Global
	GlobalSection(SolutionConfigurationPlatforms) = preSolution
		Debug|x64 = Debug|x64
		Debug|x86 = Debug|x86
		Release|x64 = Release|x64
		Release|x86 = Release|x86
	EndGlobalSection
	GlobalSection(ProjectConfigurationPlatforms) = postSolution
		{89D6F2D1-1A4B-4547-8718-BC30AD3377E9}.Debug|x64.ActiveCfg = Debug|x64
		{89D6F2D1-1A4B-4547-8718-BC30AD3377E9}.Debug|x64.Build.0 = Debug|x64
		{89D6F2D1-1A4B-4547-8718-BC30AD3377E9}.Debug|x86.ActiveCfg = Debug|Win32
		{89D6F2D1-1A4B-4547-8718-BC30AD3377E9}.Debug|x86.Build.0 = Debug|Win32
		{89D6F2D1-1A4B-4547-8718-BC30AD3377E9}.Release|x64.ActiveCfg = Release|x64
		{89D6F2D1-1A4B-4547-8718-BC30AD3377E9}.Release|x64.Build.0 = Release|x64
		{89D6F2D1-1A4B-4547-8718-BC30AD3377E9}.Release|x86.ActiveCfg = Release|Win32
		{89D6F2D1-1A4B-4547-8718-BC30AD3377E9}.Release|x86.Build.0 = Release|Win32
	EndGlobalSection
	GlobalSection(SolutionProperties) = preSolution
		HideSolutionNode = FALSE
	EndGlobalSection
	GlobalSection(ExtensibilityGlobals) = postSolution
		SolutionGuid = {87C410F8-29DD-4B97-AC12-F304D6DB231F}
	EndGlobalSection
EndGlobal
